// !$*UTF8*$!
{
	archiveVersion = 1;
	classes = {
	};
	objectVersion = 50;
	objects = {

/* Begin PBXBuildFile section */
		D47DF9F4241721CF00A8A5F0 /* AppDelegate.swift in Sources */ = {isa = PBXBuildFile; fileRef = D47DF9F3241721CF00A8A5F0 /* AppDelegate.swift */; };
		D47DF9F6241721CF00A8A5F0 /* SceneDelegate.swift in Sources */ = {isa = PBXBuildFile; fileRef = D47DF9F5241721CF00A8A5F0 /* SceneDelegate.swift */; };
		D47DF9F8241721CF00A8A5F0 /* ContentView.swift in Sources */ = {isa = PBXBuildFile; fileRef = D47DF9F7241721CF00A8A5F0 /* ContentView.swift */; };
		D47DF9FA241721D000A8A5F0 /* Assets.xcassets in Resources */ = {isa = PBXBuildFile; fileRef = D47DF9F9241721D000A8A5F0 /* Assets.xcassets */; };
		D47DF9FD241721D000A8A5F0 /* Preview Assets.xcassets in Resources */ = {isa = PBXBuildFile; fileRef = D47DF9FC241721D000A8A5F0 /* Preview Assets.xcassets */; };
		D47DFA00241721D000A8A5F0 /* LaunchScreen.storyboard in Resources */ = {isa = PBXBuildFile; fileRef = D47DF9FE241721D000A8A5F0 /* LaunchScreen.storyboard */; };
		D47DFA0B241721D000A8A5F0 /* StudierTests.swift in Sources */ = {isa = PBXBuildFile; fileRef = D47DFA0A241721D000A8A5F0 /* StudierTests.swift */; };
		D47DFA16241721D000A8A5F0 /* StudierUITests.swift in Sources */ = {isa = PBXBuildFile; fileRef = D47DFA15241721D000A8A5F0 /* StudierUITests.swift */; };
/* End PBXBuildFile section */

/* Begin PBXContainerItemProxy section */
		D47DFA07241721D000A8A5F0 /* PBXContainerItemProxy */ = {
			isa = PBXContainerItemProxy;
			containerPortal = D47DF9E8241721CF00A8A5F0 /* Project object */;
			proxyType = 1;
			remoteGlobalIDString = D47DF9EF241721CF00A8A5F0;
			remoteInfo = Studier;
		};
		D47DFA12241721D000A8A5F0 /* PBXContainerItemProxy */ = {
			isa = PBXContainerItemProxy;
			containerPortal = D47DF9E8241721CF00A8A5F0 /* Project object */;
			proxyType = 1;
			remoteGlobalIDString = D47DF9EF241721CF00A8A5F0;
			remoteInfo = Studier;
		};
/* End PBXContainerItemProxy section */

/* Begin PBXFileReference section */
		D47DF9F0241721CF00A8A5F0 /* Studier.app */ = {isa = PBXFileReference; explicitFileType = wrapper.application; includeInIndex = 0; path = Studier.app; sourceTree = BUILT_PRODUCTS_DIR; };
		D47DF9F3241721CF00A8A5F0 /* AppDelegate.swift */ = {isa = PBXFileReference; lastKnownFileType = sourcecode.swift; path = AppDelegate.swift; sourceTree = "<group>"; };
		D47DF9F5241721CF00A8A5F0 /* SceneDelegate.swift */ = {isa = PBXFileReference; lastKnownFileType = sourcecode.swift; path = SceneDelegate.swift; sourceTree = "<group>"; };
		D47DF9F7241721CF00A8A5F0 /* ContentView.swift */ = {isa = PBXFileReference; lastKnownFileType = sourcecode.swift; path = ContentView.swift; sourceTree = "<group>"; };
		D47DF9F9241721D000A8A5F0 /* Assets.xcassets */ = {isa = PBXFileReference; lastKnownFileType = folder.assetcatalog; path = Assets.xcassets; sourceTree = "<group>"; };
		D47DF9FC241721D000A8A5F0 /* Preview Assets.xcassets */ = {isa = PBXFileReference; lastKnownFileType = folder.assetcatalog; path = "Preview Assets.xcassets"; sourceTree = "<group>"; };
		D47DF9FF241721D000A8A5F0 /* Base */ = {isa = PBXFileReference; lastKnownFileType = file.storyboard; name = Base; path = Base.lproj/LaunchScreen.storyboard; sourceTree = "<group>"; };
		D47DFA01241721D000A8A5F0 /* Info.plist */ = {isa = PBXFileReference; lastKnownFileType = text.plist.xml; path = Info.plist; sourceTree = "<group>"; };
		D47DFA06241721D000A8A5F0 /* StudierTests.xctest */ = {isa = PBXFileReference; explicitFileType = wrapper.cfbundle; includeInIndex = 0; path = StudierTests.xctest; sourceTree = BUILT_PRODUCTS_DIR; };
		D47DFA0A241721D000A8A5F0 /* StudierTests.swift */ = {isa = PBXFileReference; lastKnownFileType = sourcecode.swift; path = StudierTests.swift; sourceTree = "<group>"; };
		D47DFA0C241721D000A8A5F0 /* Info.plist */ = {isa = PBXFileReference; lastKnownFileType = text.plist.xml; path = Info.plist; sourceTree = "<group>"; };
		D47DFA11241721D000A8A5F0 /* StudierUITests.xctest */ = {isa = PBXFileReference; explicitFileType = wrapper.cfbundle; includeInIndex = 0; path = StudierUITests.xctest; sourceTree = BUILT_PRODUCTS_DIR; };
		D47DFA15241721D000A8A5F0 /* StudierUITests.swift */ = {isa = PBXFileReference; lastKnownFileType = sourcecode.swift; path = StudierUITests.swift; sourceTree = "<group>"; };
		D47DFA17241721D000A8A5F0 /* Info.plist */ = {isa = PBXFileReference; lastKnownFileType = text.plist.xml; path = Info.plist; sourceTree = "<group>"; };
/* End PBXFileReference section */

/* Begin PBXFrameworksBuildPhase section */
		D47DF9ED241721CF00A8A5F0 /* Frameworks */ = {
			isa = PBXFrameworksBuildPhase;
			buildActionMask = 2147483647;
			files = (
			);
			runOnlyForDeploymentPostprocessing = 0;
		};
		D47DFA03241721D000A8A5F0 /* Frameworks */ = {
			isa = PBXFrameworksBuildPhase;
			buildActionMask = 2147483647;
			files = (
			);
			runOnlyForDeploymentPostprocessing = 0;
		};
		D47DFA0E241721D000A8A5F0 /* Frameworks */ = {
			isa = PBXFrameworksBuildPhase;
			buildActionMask = 2147483647;
			files = (
			);
			runOnlyForDeploymentPostprocessing = 0;
		};
/* End PBXFrameworksBuildPhase section */

/* Begin PBXGroup section */
		D47DF9E7241721CF00A8A5F0 = {
			isa = PBXGroup;
			children = (
				D47DF9F2241721CF00A8A5F0 /* Studier */,
				D47DFA09241721D000A8A5F0 /* StudierTests */,
				D47DFA14241721D000A8A5F0 /* StudierUITests */,
				D47DF9F1241721CF00A8A5F0 /* Products */,
			);
			sourceTree = "<group>";
		};
		D47DF9F1241721CF00A8A5F0 /* Products */ = {
			isa = PBXGroup;
			children = (
				D47DF9F0241721CF00A8A5F0 /* Studier.app */,
				D47DFA06241721D000A8A5F0 /* StudierTests.xctest */,
				D47DFA11241721D000A8A5F0 /* StudierUITests.xctest */,
			);
			name = Products;
			sourceTree = "<group>";
		};
		D47DF9F2241721CF00A8A5F0 /* Studier */ = {
			isa = PBXGroup;
			children = (
				D47DF9F3241721CF00A8A5F0 /* AppDelegate.swift */,
				D47DF9F5241721CF00A8A5F0 /* SceneDelegate.swift */,
				D47DF9F7241721CF00A8A5F0 /* ContentView.swift */,
				D47DF9F9241721D000A8A5F0 /* Assets.xcassets */,
				D47DF9FE241721D000A8A5F0 /* LaunchScreen.storyboard */,
				D47DFA01241721D000A8A5F0 /* Info.plist */,
				D47DF9FB241721D000A8A5F0 /* Preview Content */,
			);
			path = Studier;
			sourceTree = "<group>";
		};
		D47DF9FB241721D000A8A5F0 /* Preview Content */ = {
			isa = PBXGroup;
			children = (
				D47DF9FC241721D000A8A5F0 /* Preview Assets.xcassets */,
			);
			path = "Preview Content";
			sourceTree = "<group>";
		};
		D47DFA09241721D000A8A5F0 /* StudierTests */ = {
			isa = PBXGroup;
			children = (
				D47DFA0A241721D000A8A5F0 /* StudierTests.swift */,
				D47DFA0C241721D000A8A5F0 /* Info.plist */,
			);
			path = StudierTests;
			sourceTree = "<group>";
		};
		D47DFA14241721D000A8A5F0 /* StudierUITests */ = {
			isa = PBXGroup;
			children = (
				D47DFA15241721D000A8A5F0 /* StudierUITests.swift */,
				D47DFA17241721D000A8A5F0 /* Info.plist */,
			);
			path = StudierUITests;
			sourceTree = "<group>";
		};
/* End PBXGroup section */

/* Begin PBXNativeTarget section */
		D47DF9EF241721CF00A8A5F0 /* Studier */ = {
			isa = PBXNativeTarget;
			buildConfigurationList = D47DFA1A241721D000A8A5F0 /* Build configuration list for PBXNativeTarget "Studier" */;
			buildPhases = (
				D47DF9EC241721CF00A8A5F0 /* Sources */,
				D47DF9ED241721CF00A8A5F0 /* Frameworks */,
				D47DF9EE241721CF00A8A5F0 /* Resources */,
			);
			buildRules = (
			);
			dependencies = (
			);
			name = Studier;
			productName = Studier;
			productReference = D47DF9F0241721CF00A8A5F0 /* Studier.app */;
			productType = "com.apple.product-type.application";
		};
		D47DFA05241721D000A8A5F0 /* StudierTests */ = {
			isa = PBXNativeTarget;
			buildConfigurationList = D47DFA1D241721D000A8A5F0 /* Build configuration list for PBXNativeTarget "StudierTests" */;
			buildPhases = (
				D47DFA02241721D000A8A5F0 /* Sources */,
				D47DFA03241721D000A8A5F0 /* Frameworks */,
				D47DFA04241721D000A8A5F0 /* Resources */,
			);
			buildRules = (
			);
			dependencies = (
				D47DFA08241721D000A8A5F0 /* PBXTargetDependency */,
			);
			name = StudierTests;
			productName = StudierTests;
			productReference = D47DFA06241721D000A8A5F0 /* StudierTests.xctest */;
			productType = "com.apple.product-type.bundle.unit-test";
		};
		D47DFA10241721D000A8A5F0 /* StudierUITests */ = {
			isa = PBXNativeTarget;
			buildConfigurationList = D47DFA20241721D000A8A5F0 /* Build configuration list for PBXNativeTarget "StudierUITests" */;
			buildPhases = (
				D47DFA0D241721D000A8A5F0 /* Sources */,
				D47DFA0E241721D000A8A5F0 /* Frameworks */,
				D47DFA0F241721D000A8A5F0 /* Resources */,
			);
			buildRules = (
			);
			dependencies = (
				D47DFA13241721D000A8A5F0 /* PBXTargetDependency */,
			);
			name = StudierUITests;
			productName = StudierUITests;
			productReference = D47DFA11241721D000A8A5F0 /* StudierUITests.xctest */;
			productType = "com.apple.product-type.bundle.ui-testing";
		};
/* End PBXNativeTarget section */

/* Begin PBXProject section */
		D47DF9E8241721CF00A8A5F0 /* Project object */ = {
			isa = PBXProject;
			attributes = {
				LastSwiftUpdateCheck = 1130;
				LastUpgradeCheck = 1130;
				ORGANIZATIONNAME = "Tyler Goodman";
				TargetAttributes = {
					D47DF9EF241721CF00A8A5F0 = {
						CreatedOnToolsVersion = 11.3.1;
					};
					D47DFA05241721D000A8A5F0 = {
						CreatedOnToolsVersion = 11.3.1;
						TestTargetID = D47DF9EF241721CF00A8A5F0;
					};
					D47DFA10241721D000A8A5F0 = {
						CreatedOnToolsVersion = 11.3.1;
						TestTargetID = D47DF9EF241721CF00A8A5F0;
					};
				};
			};
			buildConfigurationList = D47DF9EB241721CF00A8A5F0 /* Build configuration list for PBXProject "Studier" */;
			compatibilityVersion = "Xcode 9.3";
			developmentRegion = en;
			hasScannedForEncodings = 0;
			knownRegions = (
				en,
				Base,
			);
			mainGroup = D47DF9E7241721CF00A8A5F0;
			productRefGroup = D47DF9F1241721CF00A8A5F0 /* Products */;
			projectDirPath = "";
			projectRoot = "";
			targets = (
				D47DF9EF241721CF00A8A5F0 /* Studier */,
				D47DFA05241721D000A8A5F0 /* StudierTests */,
				D47DFA10241721D000A8A5F0 /* StudierUITests */,
			);
		};
/* End PBXProject section */

/* Begin PBXResourcesBuildPhase section */
		D47DF9EE241721CF00A8A5F0 /* Resources */ = {
			isa = PBXResourcesBuildPhase;
			buildActionMask = 2147483647;
			files = (
				D47DFA00241721D000A8A5F0 /* LaunchScreen.storyboard in Resources */,
				D47DF9FD241721D000A8A5F0 /* Preview Assets.xcassets in Resources */,
				D47DF9FA241721D000A8A5F0 /* Assets.xcassets in Resources */,
			);
			runOnlyForDeploymentPostprocessing = 0;
		};
		D47DFA04241721D000A8A5F0 /* Resources */ = {
			isa = PBXResourcesBuildPhase;
			buildActionMask = 2147483647;
			files = (
			);
			runOnlyForDeploymentPostprocessing = 0;
		};
		D47DFA0F241721D000A8A5F0 /* Resources */ = {
			isa = PBXResourcesBuildPhase;
			buildActionMask = 2147483647;
			files = (
			);
			runOnlyForDeploymentPostprocessing = 0;
		};
/* End PBXResourcesBuildPhase section */

/* Begin PBXSourcesBuildPhase section */
		D47DF9EC241721CF00A8A5F0 /* Sources */ = {
			isa = PBXSourcesBuildPhase;
			buildActionMask = 2147483647;
			files = (
				D47DF9F4241721CF00A8A5F0 /* AppDelegate.swift in Sources */,
				D47DF9F6241721CF00A8A5F0 /* SceneDelegate.swift in Sources */,
				D47DF9F8241721CF00A8A5F0 /* ContentView.swift in Sources */,
			);
			runOnlyForDeploymentPostprocessing = 0;
		};
		D47DFA02241721D000A8A5F0 /* Sources */ = {
			isa = PBXSourcesBuildPhase;
			buildActionMask = 2147483647;
			files = (
				D47DFA0B241721D000A8A5F0 /* StudierTests.swift in Sources */,
			);
			runOnlyForDeploymentPostprocessing = 0;
		};
		D47DFA0D241721D000A8A5F0 /* Sources */ = {
			isa = PBXSourcesBuildPhase;
			buildActionMask = 2147483647;
			files = (
				D47DFA16241721D000A8A5F0 /* StudierUITests.swift in Sources */,
			);
			runOnlyForDeploymentPostprocessing = 0;
		};
/* End PBXSourcesBuildPhase section */

/* Begin PBXTargetDependency section */
		D47DFA08241721D000A8A5F0 /* PBXTargetDependency */ = {
			isa = PBXTargetDependency;
			target = D47DF9EF241721CF00A8A5F0 /* Studier */;
			targetProxy = D47DFA07241721D000A8A5F0 /* PBXContainerItemProxy */;
		};
		D47DFA13241721D000A8A5F0 /* PBXTargetDependency */ = {
			isa = PBXTargetDependency;
			target = D47DF9EF241721CF00A8A5F0 /* Studier */;
			targetProxy = D47DFA12241721D000A8A5F0 /* PBXContainerItemProxy */;
		};
/* End PBXTargetDependency section */

/* Begin PBXVariantGroup section */
		D47DF9FE241721D000A8A5F0 /* LaunchScreen.storyboard */ = {
			isa = PBXVariantGroup;
			children = (
				D47DF9FF241721D000A8A5F0 /* Base */,
			);
			name = LaunchScreen.storyboard;
			sourceTree = "<group>";
		};
/* End PBXVariantGroup section */

/* Begin XCBuildConfiguration section */
		D47DFA18241721D000A8A5F0 /* Debug */ = {
			isa = XCBuildConfiguration;
			buildSettings = {
				ALWAYS_SEARCH_USER_PATHS = NO;
				CLANG_ANALYZER_NONNULL = YES;
				CLANG_ANALYZER_NUMBER_OBJECT_CONVERSION = YES_AGGRESSIVE;
				CLANG_CXX_LANGUAGE_STANDARD = "gnu++14";
				CLANG_CXX_LIBRARY = "libc++";
				CLANG_ENABLE_MODULES = YES;
				CLANG_ENABLE_OBJC_ARC = YES;
				CLANG_ENABLE_OBJC_WEAK = YES;
				CLANG_WARN_BLOCK_CAPTURE_AUTORELEASING = YES;
				CLANG_WARN_BOOL_CONVERSION = YES;
				CLANG_WARN_COMMA = YES;
				CLANG_WARN_CONSTANT_CONVERSION = YES;
				CLANG_WARN_DEPRECATED_OBJC_IMPLEMENTATIONS = YES;
				CLANG_WARN_DIRECT_OBJC_ISA_USAGE = YES_ERROR;
				CLANG_WARN_DOCUMENTATION_COMMENTS = YES;
				CLANG_WARN_EMPTY_BODY = YES;
				CLANG_WARN_ENUM_CONVERSION = YES;
				CLANG_WARN_INFINITE_RECURSION = YES;
				CLANG_WARN_INT_CONVERSION = YES;
				CLANG_WARN_NON_LITERAL_NULL_CONVERSION = YES;
				CLANG_WARN_OBJC_IMPLICIT_RETAIN_SELF = YES;
				CLANG_WARN_OBJC_LITERAL_CONVERSION = YES;
				CLANG_WARN_OBJC_ROOT_CLASS = YES_ERROR;
				CLANG_WARN_RANGE_LOOP_ANALYSIS = YES;
				CLANG_WARN_STRICT_PROTOTYPES = YES;
				CLANG_WARN_SUSPICIOUS_MOVE = YES;
				CLANG_WARN_UNGUARDED_AVAILABILITY = YES_AGGRESSIVE;
				CLANG_WARN_UNREACHABLE_CODE = YES;
				CLANG_WARN__DUPLICATE_METHOD_MATCH = YES;
				COPY_PHASE_STRIP = NO;
				DEBUG_INFORMATION_FORMAT = dwarf;
				ENABLE_STRICT_OBJC_MSGSEND = YES;
				ENABLE_TESTABILITY = YES;
				GCC_C_LANGUAGE_STANDARD = gnu11;
				GCC_DYNAMIC_NO_PIC = NO;
				GCC_NO_COMMON_BLOCKS = YES;
				GCC_OPTIMIZATION_LEVEL = 0;
				GCC_PREPROCESSOR_DEFINITIONS = (
					"DEBUG=1",
					"$(inherited)",
				);
				GCC_WARN_64_TO_32_BIT_CONVERSION = YES;
				GCC_WARN_ABOUT_RETURN_TYPE = YES_ERROR;
				GCC_WARN_UNDECLARED_SELECTOR = YES;
				GCC_WARN_UNINITIALIZED_AUTOS = YES_AGGRESSIVE;
				GCC_WARN_UNUSED_FUNCTION = YES;
				GCC_WARN_UNUSED_VARIABLE = YES;
				IPHONEOS_DEPLOYMENT_TARGET = 13.2;
				MTL_ENABLE_DEBUG_INFO = INCLUDE_SOURCE;
				MTL_FAST_MATH = YES;
				ONLY_ACTIVE_ARCH = YES;
				SDKROOT = iphoneos;
				SWIFT_ACTIVE_COMPILATION_CONDITIONS = DEBUG;
				SWIFT_OPTIMIZATION_LEVEL = "-Onone";
			};
			name = Debug;
		};
		D47DFA19241721D000A8A5F0 /* Release */ = {
			isa = XCBuildConfiguration;
			buildSettings = {
				ALWAYS_SEARCH_USER_PATHS = NO;
				CLANG_ANALYZER_NONNULL = YES;
				CLANG_ANALYZER_NUMBER_OBJECT_CONVERSION = YES_AGGRESSIVE;
				CLANG_CXX_LANGUAGE_STANDARD = "gnu++14";
				CLANG_CXX_LIBRARY = "libc++";
				CLANG_ENABLE_MODULES = YES;
				CLANG_ENABLE_OBJC_ARC = YES;
				CLANG_ENABLE_OBJC_WEAK = YES;
				CLANG_WARN_BLOCK_CAPTURE_AUTORELEASING = YES;
				CLANG_WARN_BOOL_CONVERSION = YES;
				CLANG_WARN_COMMA = YES;
				CLANG_WARN_CONSTANT_CONVERSION = YES;
				CLANG_WARN_DEPRECATED_OBJC_IMPLEMENTATIONS = YES;
				CLANG_WARN_DIRECT_OBJC_ISA_USAGE = YES_ERROR;
				CLANG_WARN_DOCUMENTATION_COMMENTS = YES;
				CLANG_WARN_EMPTY_BODY = YES;
				CLANG_WARN_ENUM_CONVERSION = YES;
				CLANG_WARN_INFINITE_RECURSION = YES;
				CLANG_WARN_INT_CONVERSION = YES;
				CLANG_WARN_NON_LITERAL_NULL_CONVERSION = YES;
				CLANG_WARN_OBJC_IMPLICIT_RETAIN_SELF = YES;
				CLANG_WARN_OBJC_LITERAL_CONVERSION = YES;
				CLANG_WARN_OBJC_ROOT_CLASS = YES_ERROR;
				CLANG_WARN_RANGE_LOOP_ANALYSIS = YES;
				CLANG_WARN_STRICT_PROTOTYPES = YES;
				CLANG_WARN_SUSPICIOUS_MOVE = YES;
				CLANG_WARN_UNGUARDED_AVAILABILITY = YES_AGGRESSIVE;
				CLANG_WARN_UNREACHABLE_CODE = YES;
				CLANG_WARN__DUPLICATE_METHOD_MATCH = YES;
				COPY_PHASE_STRIP = NO;
				DEBUG_INFORMATION_FORMAT = "dwarf-with-dsym";
				ENABLE_NS_ASSERTIONS = NO;
				ENABLE_STRICT_OBJC_MSGSEND = YES;
				GCC_C_LANGUAGE_STANDARD = gnu11;
				GCC_NO_COMMON_BLOCKS = YES;
				GCC_WARN_64_TO_32_BIT_CONVERSION = YES;
				GCC_WARN_ABOUT_RETURN_TYPE = YES_ERROR;
				GCC_WARN_UNDECLARED_SELECTOR = YES;
				GCC_WARN_UNINITIALIZED_AUTOS = YES_AGGRESSIVE;
				GCC_WARN_UNUSED_FUNCTION = YES;
				GCC_WARN_UNUSED_VARIABLE = YES;
				IPHONEOS_DEPLOYMENT_TARGET = 13.2;
				MTL_ENABLE_DEBUG_INFO = NO;
				MTL_FAST_MATH = YES;
				SDKROOT = iphoneos;
				SWIFT_COMPILATION_MODE = wholemodule;
				SWIFT_OPTIMIZATION_LEVEL = "-O";
				VALIDATE_PRODUCT = YES;
			};
			name = Release;
		};
		D47DFA1B241721D000A8A5F0 /* Debug */ = {
			isa = XCBuildConfiguration;
			buildSettings = {
				ASSETCATALOG_COMPILER_APPICON_NAME = AppIcon;
				CODE_SIGN_STYLE = Automatic;
				DEVELOPMENT_ASSET_PATHS = "\"Studier/Preview Content\"";
				ENABLE_PREVIEWS = YES;
				INFOPLIST_FILE = Studier/Info.plist;
				LD_RUNPATH_SEARCH_PATHS = (
					"$(inherited)",
					"@executable_path/Frameworks",
				);
				PRODUCT_BUNDLE_IDENTIFIER = com.tylergoodman.Studier;
				PRODUCT_NAME = "$(TARGET_NAME)";
				SWIFT_VERSION = 5.0;
				TARGETED_DEVICE_FAMILY = "1,2";
			};
			name = Debug;
		};
		D47DFA1C241721D000A8A5F0 /* Release */ = {
			isa = XCBuildConfiguration;
			buildSettings = {
				ASSETCATALOG_COMPILER_APPICON_NAME = AppIcon;
				CODE_SIGN_STYLE = Automatic;
				DEVELOPMENT_ASSET_PATHS = "\"Studier/Preview Content\"";
				ENABLE_PREVIEWS = YES;
				INFOPLIST_FILE = Studier/Info.plist;
				LD_RUNPATH_SEARCH_PATHS = (
					"$(inherited)",
					"@executable_path/Frameworks",
				);
				PRODUCT_BUNDLE_IDENTIFIER = com.tylergoodman.Studier;
				PRODUCT_NAME = "$(TARGET_NAME)";
				SWIFT_VERSION = 5.0;
				TARGETED_DEVICE_FAMILY = "1,2";
			};
			name = Release;
		};
		D47DFA1E241721D000A8A5F0 /* Debug */ = {
			isa = XCBuildConfiguration;
			buildSettings = {
				ALWAYS_EMBED_SWIFT_STANDARD_LIBRARIES = YES;
				BUNDLE_LOADER = "$(TEST_HOST)";
				CODE_SIGN_STYLE = Automatic;
				INFOPLIST_FILE = StudierTests/Info.plist;
				IPHONEOS_DEPLOYMENT_TARGET = 13.2;
				LD_RUNPATH_SEARCH_PATHS = (
					"$(inherited)",
					"@executable_path/Frameworks",
					"@loader_path/Frameworks",
				);
				PRODUCT_BUNDLE_IDENTIFIER = com.tylergoodman.StudierTests;
				PRODUCT_NAME = "$(TARGET_NAME)";
				SWIFT_VERSION = 5.0;
				TARGETED_DEVICE_FAMILY = "1,2";
				TEST_HOST = "$(BUILT_PRODUCTS_DIR)/Studier.app/Studier";
			};
			name = Debug;
		};
		D47DFA1F241721D000A8A5F0 /* Release */ = {
			isa = XCBuildConfiguration;
			buildSettings = {
				ALWAYS_EMBED_SWIFT_STANDARD_LIBRARIES = YES;
				BUNDLE_LOADER = "$(TEST_HOST)";
				CODE_SIGN_STYLE = Automatic;
				INFOPLIST_FILE = StudierTests/Info.plist;
				IPHONEOS_DEPLOYMENT_TARGET = 13.2;
				LD_RUNPATH_SEARCH_PATHS = (
					"$(inherited)",
					"@executable_path/Frameworks",
					"@loader_path/Frameworks",
				);
				PRODUCT_BUNDLE_IDENTIFIER = com.tylergoodman.StudierTests;
				PRODUCT_NAME = "$(TARGET_NAME)";
				SWIFT_VERSION = 5.0;
				TARGETED_DEVICE_FAMILY = "1,2";
				TEST_HOST = "$(BUILT_PRODUCTS_DIR)/Studier.app/Studier";
			};
			name = Release;
		};
		D47DFA21241721D000A8A5F0 /* Debug */ = {
			isa = XCBuildConfiguration;
			buildSettings = {
				ALWAYS_EMBED_SWIFT_STANDARD_LIBRARIES = YES;
				CODE_SIGN_STYLE = Automatic;
				INFOPLIST_FILE = StudierUITests/Info.plist;
				LD_RUNPATH_SEARCH_PATHS = (
					"$(inherited)",
					"@executable_path/Frameworks",
					"@loader_path/Frameworks",
				);
				PRODUCT_BUNDLE_IDENTIFIER = com.tylergoodman.StudierUITests;
				PRODUCT_NAME = "$(TARGET_NAME)";
				SWIFT_VERSION = 5.0;
				TARGETED_DEVICE_FAMILY = "1,2";
				TEST_TARGET_NAME = Studier;
			};
			name = Debug;
		};
		D47DFA22241721D000A8A5F0 /* Release */ = {
			isa = XCBuildConfiguration;
			buildSettings = {
				ALWAYS_EMBED_SWIFT_STANDARD_LIBRARIES = YES;
				CODE_SIGN_STYLE = Automatic;
				INFOPLIST_FILE = StudierUITests/Info.plist;
				LD_RUNPATH_SEARCH_PATHS = (
					"$(inherited)",
					"@executable_path/Frameworks",
					"@loader_path/Frameworks",
				);
				PRODUCT_BUNDLE_IDENTIFIER = com.tylergoodman.StudierUITests;
				PRODUCT_NAME = "$(TARGET_NAME)";
				SWIFT_VERSION = 5.0;
				TARGETED_DEVICE_FAMILY = "1,2";
				TEST_TARGET_NAME = Studier;
			};
			name = Release;
		};
/* End XCBuildConfiguration section */

/* Begin XCConfigurationList section */
		D47DF9EB241721CF00A8A5F0 /* Build configuration list for PBXProject "Studier" */ = {
			isa = XCConfigurationList;
			buildConfigurations = (
				D47DFA18241721D000A8A5F0 /* Debug */,
				D47DFA19241721D000A8A5F0 /* Release */,
			);
			defaultConfigurationIsVisible = 0;
			defaultConfigurationName = Release;
		};
		D47DFA1A241721D000A8A5F0 /* Build configuration list for PBXNativeTarget "Studier" */ = {
			isa = XCConfigurationList;
			buildConfigurations = (
				D47DFA1B241721D000A8A5F0 /* Debug */,
				D47DFA1C241721D000A8A5F0 /* Release */,
			);
			defaultConfigurationIsVisible = 0;
			defaultConfigurationName = Release;
		};
		D47DFA1D241721D000A8A5F0 /* Build configuration list for PBXNativeTarget "StudierTests" */ = {
			isa = XCConfigurationList;
			buildConfigurations = (
				D47DFA1E241721D000A8A5F0 /* Debug */,
				D47DFA1F241721D000A8A5F0 /* Release */,
			);
			defaultConfigurationIsVisible = 0;
			defaultConfigurationName = Release;
		};
		D47DFA20241721D000A8A5F0 /* Build configuration list for PBXNativeTarget "StudierUITests" */ = {
			isa = XCConfigurationList;
			buildConfigurations = (
				D47DFA21241721D000A8A5F0 /* Debug */,
				D47DFA22241721D000A8A5F0 /* Release */,
			);
			defaultConfigurationIsVisible = 0;
			defaultConfigurationName = Release;
		};
/* End XCConfigurationList section */
	};
	rootObject = D47DF9E8241721CF00A8A5F0 /* Project object */;
}
